
Microsoft Visual Studio Solution File, Format Version 12.00
# Visual Studio Version 16
VisualStudioVersion = 16.0.34407.143
MinimumVisualStudioVersion = 10.0.40219.1
Project("{FAE04EC0-301F-11D3-BF4B-00C04F79EFBC}") = "ESGARD STORE", "ESGARD STORE\ESGARD STORE.csproj", "{7525F892-C9C1-44E2-809B-2079DF912481}"
EndProject
Global
	GlobalSection(SolutionConfigurationPlatforms) = preSolution
		Debug|Any CPU = Debug|Any CPU
		Release|Any CPU = Release|Any CPU
	EndGlobalSection
	GlobalSection(ProjectConfigurationPlatforms) = postSolution
		{7525F892-C9C1-44E2-809B-2079DF912481}.Debug|Any CPU.ActiveCfg = Debug|Any CPU
		{7525F892-C9C1-44E2-809B-2079DF912481}.Debug|Any CPU.Build.0 = Debug|Any CPU
		{7525F892-C9C1-44E2-809B-2079DF912481}.Release|Any CPU.ActiveCfg = Release|Any CPU
		{7525F892-C9C1-44E2-809B-2079DF912481}.Release|Any CPU.Build.0 = Release|Any CPU
	EndGlobalSection
	GlobalSection(SolutionProperties) = preSolution
		HideSolutionNode = FALSE
	EndGlobalSection
	GlobalSection(ExtensibilityGlobals) = postSolution
		SolutionGuid = {03C3A207-24EE-45A1-8DC7-3097E7F751F6}
	EndGlobalSection
EndGlobal
